
Microsoft Visual Studio Solution File, Format Version 12.00
# Visual Studio Version 16
VisualStudioVersion = 16.0.30225.117
MinimumVisualStudioVersion = 10.0.40219.1
Project("{FAE04EC0-301F-11D3-BF4B-00C04F79EFBC}") = "RetroVideo", "RetroVideo\RetroVideo.csproj", "{A3A9C22E-37BE-4100-AE10-3669A4EBB691}"
EndProject
Global
	GlobalSection(SolutionConfigurationPlatforms) = preSolution
		Debug|Any CPU = Debug|Any CPU
		Release|Any CPU = Release|Any CPU
	EndGlobalSection
	GlobalSection(ProjectConfigurationPlatforms) = postSolution
		{A3A9C22E-37BE-4100-AE10-3669A4EBB691}.Debug|Any CPU.ActiveCfg = Debug|Any CPU
		{A3A9C22E-37BE-4100-AE10-3669A4EBB691}.Debug|Any CPU.Build.0 = Debug|Any CPU
		{A3A9C22E-37BE-4100-AE10-3669A4EBB691}.Release|Any CPU.ActiveCfg = Release|Any CPU
		{A3A9C22E-37BE-4100-AE10-3669A4EBB691}.Release|Any CPU.Build.0 = Release|Any CPU
	EndGlobalSection
	GlobalSection(SolutionProperties) = preSolution
		HideSolutionNode = FALSE
	EndGlobalSection
	GlobalSection(ExtensibilityGlobals) = postSolution
		SolutionGuid = {5B016181-7946-481B-BC65-C07EAB5273A3}
	EndGlobalSection
EndGlobal
